{
  "version": 4,
  "terraform_version": "1.10.2",
  "serial": 12,
  "lineage": "244438c6-490a-3729-b75d-d2f97f49a693",
  "outputs": {
    "access_entries": {
      "value": [],
      "type": [
        "tuple",
        []
      ]
    },
    "api_policy_arn": {
      "value": "arn:aws:iam::546123287190:policy/my-api-iam-policy",
      "type": "string"
    },
    "api_role_arn": {
      "value": "arn:aws:iam::546123287190:role/my-api-iam-role",
      "type": "string"
    },
    "api_role_name": {
      "value": "my-api-iam-role",
      "type": "string"
    },
    "avatars_bucket_arn": {
      "value": "arn:aws:s3:::my-api-avatars",
      "type": "string"
    },
    "avatars_bucket_name": {
      "value": "my-api-avatars",
      "type": "string"
    },
    "cloudwatch_log_group_arn": {
      "value": [],
      "type": [
        "tuple",
        []
      ]
    },
    "cloudwatch_log_group_name": {
      "value": [],
      "type": [
        "tuple",
        []
      ]
    },
    "cluster_addons": {
      "value": [],
      "type": [
        "tuple",
        []
      ]
    },
    "cluster_arn": {
      "value": [],
      "type": [
        "tuple",
        []
      ]
    },
    "cluster_certificate_authority_data": {
      "value": [],
      "type": [
        "tuple",
        []
      ]
    },
    "cluster_dualstack_oidc_issuer_url": {
      "value": [],
      "type": [
        "tuple",
        []
      ]
    },
    "cluster_endpoint": {
      "value": [],
      "type": [
        "tuple",
        []
      ]
    },
    "cluster_iam_role_arn": {
      "value": [],
      "type": [
        "tuple",
        []
      ]
    },
    "cluster_iam_role_name": {
      "value": [],
      "type": [
        "tuple",
        []
      ]
    },
    "cluster_iam_role_unique_id": {
      "value": [],
      "type": [
        "tuple",
        []
      ]
    },
    "cluster_id": {
      "value": [],
      "type": [
        "tuple",
        []
      ]
    },
    "cluster_identity_providers": {
      "value": [],
      "type": [
        "tuple",
        []
      ]
    },
    "cluster_ip_family": {
      "value": [],
      "type": [
        "tuple",
        []
      ]
    },
    "cluster_name": {
      "value": [],
      "type": [
        "tuple",
        []
      ]
    },
    "cluster_oidc_issuer_url": {
      "value": [],
      "type": [
        "tuple",
        []
      ]
    },
    "cluster_platform_version": {
      "value": [],
      "type": [
        "tuple",
        []
      ]
    },
    "cluster_primary_security_group_id": {
      "value": [],
      "type": [
        "tuple",
        []
      ]
    },
    "cluster_security_group_arn": {
      "value": [],
      "type": [
        "tuple",
        []
      ]
    },
    "cluster_security_group_id": {
      "value": [],
      "type": [
        "tuple",
        []
      ]
    },
    "cluster_service_cidr": {
      "value": [],
      "type": [
        "tuple",
        []
      ]
    },
    "cluster_status": {
      "value": [],
      "type": [
        "tuple",
        []
      ]
    },
    "cluster_tls_certificate_sha1_fingerprint": {
      "value": [],
      "type": [
        "tuple",
        []
      ]
    },
    "eks_managed_node_groups": {
      "value": [],
      "type": [
        "tuple",
        []
      ]
    },
    "eks_managed_node_groups_autoscaling_group_names": {
      "value": [],
      "type": [
        "tuple",
        []
      ]
    },
    "fargate_profiles": {
      "value": [],
      "type": [
        "tuple",
        []
      ]
    },
    "kms_key_arn": {
      "value": [],
      "type": [
        "tuple",
        []
      ]
    },
    "kms_key_id": {
      "value": [],
      "type": [
        "tuple",
        []
      ]
    },
    "kms_key_policy": {
      "value": [],
      "type": [
        "tuple",
        []
      ]
    },
    "node_iam_role_arn": {
      "value": [],
      "type": [
        "tuple",
        []
      ]
    },
    "node_iam_role_name": {
      "value": [],
      "type": [
        "tuple",
        []
      ]
    },
    "node_iam_role_unique_id": {
      "value": [],
      "type": [
        "tuple",
        []
      ]
    },
    "node_security_group_arn": {
      "value": [],
      "type": [
        "tuple",
        []
      ]
    },
    "node_security_group_id": {
      "value": [],
      "type": [
        "tuple",
        []
      ]
    },
    "oidc_provider": {
      "value": [],
      "type": [
        "tuple",
        []
      ]
    },
    "oidc_provider_arn": {
      "value": [],
      "type": [
        "tuple",
        []
      ]
    },
    "self_managed_node_groups": {
      "value": [],
      "type": [
        "tuple",
        []
      ]
    },
    "self_managed_node_groups_autoscaling_group_names": {
      "value": [],
      "type": [
        "tuple",
        []
      ]
    },
    "terraform_lock_table_arn": {
      "value": "arn:aws:dynamodb:eu-west-2:546123287190:table/some-random-name-bruvio-1234-prima-terraform-lock-table",
      "type": "string"
    },
    "terraform_lock_table_name": {
      "value": "some-random-name-bruvio-1234-prima-terraform-lock-table",
      "type": "string"
    },
    "terraform_state_bucket_arn": {
      "value": "arn:aws:s3:::some-random-name-bruvio-1234-prima",
      "type": "string"
    },
    "terraform_state_bucket_name": {
      "value": "some-random-name-bruvio-1234-prima",
      "type": "string"
    },
    "users_table_arn": {
      "value": "arn:aws:dynamodb:eu-west-2:546123287190:table/Users",
      "type": "string"
    },
    "users_table_name": {
      "value": "Users",
      "type": "string"
    }
  },
  "resources": [
    {
      "mode": "data",
      "type": "aws_availability_zones",
      "name": "available",
      "provider": "provider[\"registry.terraform.io/hashicorp/aws\"]",
      "instances": [
        {
          "schema_version": 0,
          "attributes": {
            "all_availability_zones": null,
            "exclude_names": null,
            "exclude_zone_ids": null,
            "filter": [
              {
                "name": "opt-in-status",
                "values": [
                  "opt-in-not-required"
                ]
              }
            ],
            "group_names": [
              "eu-west-2-zg-1"
            ],
            "id": "eu-west-2",
            "names": [
              "eu-west-2a",
              "eu-west-2b",
              "eu-west-2c"
            ],
            "state": null,
            "timeouts": null,
            "zone_ids": [
              "euw2-az2",
              "euw2-az3",
              "euw2-az1"
            ]
          },
          "sensitive_attributes": []
        }
      ]
    },
    {
      "mode": "data",
      "type": "aws_caller_identity",
      "name": "current",
      "provider": "provider[\"registry.terraform.io/hashicorp/aws\"]",
      "instances": [
        {
          "schema_version": 0,
          "attributes": {
            "account_id": "546123287190",
            "arn": "arn:aws:iam::546123287190:user/masterbruvio",
            "id": "546123287190",
            "user_id": "AIDAX6J34BKLLTVT6JNNS"
          },
          "sensitive_attributes": []
        }
      ]
    },
    {
      "mode": "data",
      "type": "aws_iam_policy_document",
      "name": "api_policy_doc",
      "provider": "provider[\"registry.terraform.io/hashicorp/aws\"]",
      "instances": [
        {
          "schema_version": 0,
          "attributes": {
            "id": "2418361645",
            "json": "{\n  \"Version\": \"2012-10-17\",\n  \"Statement\": [\n    {\n      \"Sid\": \"DynamoDBUsersAccess\",\n      \"Effect\": \"Allow\",\n      \"Action\": [\n        \"dynamodb:Scan\",\n        \"dynamodb:PutItem\",\n        \"dynamodb:GetItem\"\n      ],\n      \"Resource\": \"arn:aws:dynamodb:eu-west-2:546123287190:table/Users\"\n    },\n    {\n      \"Sid\": \"S3AvatarsAccess\",\n      \"Effect\": \"Allow\",\n      \"Action\": [\n        \"s3:PutObject\",\n        \"s3:ListBucket\",\n        \"s3:GetObject\"\n      ],\n      \"Resource\": [\n        \"arn:aws:s3:::my-api-avatars/*\",\n        \"arn:aws:s3:::my-api-avatars\"\n      ]\n    }\n  ]\n}",
            "minified_json": "{\"Version\":\"2012-10-17\",\"Statement\":[{\"Sid\":\"DynamoDBUsersAccess\",\"Effect\":\"Allow\",\"Action\":[\"dynamodb:Scan\",\"dynamodb:PutItem\",\"dynamodb:GetItem\"],\"Resource\":\"arn:aws:dynamodb:eu-west-2:546123287190:table/Users\"},{\"Sid\":\"S3AvatarsAccess\",\"Effect\":\"Allow\",\"Action\":[\"s3:PutObject\",\"s3:ListBucket\",\"s3:GetObject\"],\"Resource\":[\"arn:aws:s3:::my-api-avatars/*\",\"arn:aws:s3:::my-api-avatars\"]}]}",
            "override_json": null,
            "override_policy_documents": null,
            "policy_id": null,
            "source_json": null,
            "source_policy_documents": null,
            "statement": [
              {
                "actions": [
                  "dynamodb:GetItem",
                  "dynamodb:PutItem",
                  "dynamodb:Scan"
                ],
                "condition": [],
                "effect": "Allow",
                "not_actions": [],
                "not_principals": [],
                "not_resources": [],
                "principals": [],
                "resources": [
                  "arn:aws:dynamodb:eu-west-2:546123287190:table/Users"
                ],
                "sid": "DynamoDBUsersAccess"
              },
              {
                "actions": [
                  "s3:GetObject",
                  "s3:ListBucket",
                  "s3:PutObject"
                ],
                "condition": [],
                "effect": "Allow",
                "not_actions": [],
                "not_principals": [],
                "not_resources": [],
                "principals": [],
                "resources": [
                  "arn:aws:s3:::my-api-avatars",
                  "arn:aws:s3:::my-api-avatars/*"
                ],
                "sid": "S3AvatarsAccess"
              }
            ],
            "version": "2012-10-17"
          },
          "sensitive_attributes": []
        }
      ]
    },
    {
      "mode": "data",
      "type": "aws_iam_policy_document",
      "name": "assume_role_policy",
      "provider": "provider[\"registry.terraform.io/hashicorp/aws\"]",
      "instances": [
        {
          "schema_version": 0,
          "attributes": {
            "id": "2217611055",
            "json": "{\n  \"Version\": \"2012-10-17\",\n  \"Statement\": [\n    {\n      \"Effect\": \"Allow\",\n      \"Action\": \"sts:AssumeRole\",\n      \"Principal\": {\n        \"Service\": [\n          \"eks.amazonaws.com\",\n          \"ec2.amazonaws.com\"\n        ]\n      }\n    }\n  ]\n}",
            "minified_json": "{\"Version\":\"2012-10-17\",\"Statement\":[{\"Effect\":\"Allow\",\"Action\":\"sts:AssumeRole\",\"Principal\":{\"Service\":[\"eks.amazonaws.com\",\"ec2.amazonaws.com\"]}}]}",
            "override_json": null,
            "override_policy_documents": null,
            "policy_id": null,
            "source_json": null,
            "source_policy_documents": null,
            "statement": [
              {
                "actions": [
                  "sts:AssumeRole"
                ],
                "condition": [],
                "effect": "Allow",
                "not_actions": [],
                "not_principals": [],
                "not_resources": [],
                "principals": [
                  {
                    "identifiers": [
                      "ec2.amazonaws.com",
                      "eks.amazonaws.com"
                    ],
                    "type": "Service"
                  }
                ],
                "resources": [],
                "sid": ""
              }
            ],
            "version": "2012-10-17"
          },
          "sensitive_attributes": []
        }
      ]
    },
    {
      "mode": "managed",
      "type": "aws_dynamodb_table",
      "name": "terraform_lock",
      "provider": "provider[\"registry.terraform.io/hashicorp/aws\"]",
      "instances": [
        {
          "schema_version": 1,
          "attributes": {
            "arn": "arn:aws:dynamodb:eu-west-2:546123287190:table/some-random-name-bruvio-1234-prima-terraform-lock-table",
            "attribute": [
              {
                "name": "LockID",
                "type": "S"
              }
            ],
            "billing_mode": "PAY_PER_REQUEST",
            "deletion_protection_enabled": false,
            "global_secondary_index": [],
            "hash_key": "LockID",
            "id": "some-random-name-bruvio-1234-prima-terraform-lock-table",
            "import_table": [],
            "local_secondary_index": [],
            "name": "some-random-name-bruvio-1234-prima-terraform-lock-table",
            "on_demand_throughput": [],
            "point_in_time_recovery": [
              {
                "enabled": false
              }
            ],
            "range_key": null,
            "read_capacity": 0,
            "replica": [],
            "restore_date_time": null,
            "restore_source_name": null,
            "restore_source_table_arn": null,
            "restore_to_latest_time": null,
            "server_side_encryption": [],
            "stream_arn": "",
            "stream_enabled": false,
            "stream_label": "",
            "stream_view_type": "",
            "table_class": "STANDARD",
            "tags": {
              "Environment": "default",
              "ManagedBy": "Terraform",
              "Owner": "bruno.viola@pm.me",
              "Project": "prima-sre"
            },
            "tags_all": {
              "Environment": "default",
              "ManagedBy": "Terraform",
              "Owner": "bruno.viola@pm.me",
              "Project": "prima-sre"
            },
            "timeouts": null,
            "ttl": [
              {
                "attribute_name": "",
                "enabled": false
              }
            ],
            "write_capacity": 0
          },
          "sensitive_attributes": [],
          "private": "eyJlMmJmYjczMC1lY2FhLTExZTYtOGY4OC0zNDM2M2JjN2M0YzAiOnsiY3JlYXRlIjoxODAwMDAwMDAwMDAwLCJkZWxldGUiOjYwMDAwMDAwMDAwMCwidXBkYXRlIjozNjAwMDAwMDAwMDAwfSwic2NoZW1hX3ZlcnNpb24iOiIxIn0="
        }
      ]
    },
    {
      "mode": "managed",
      "type": "aws_dynamodb_table",
      "name": "users",
      "provider": "provider[\"registry.terraform.io/hashicorp/aws\"]",
      "instances": [
        {
          "schema_version": 1,
          "attributes": {
            "arn": "arn:aws:dynamodb:eu-west-2:546123287190:table/Users",
            "attribute": [
              {
                "name": "email",
                "type": "S"
              }
            ],
            "billing_mode": "PAY_PER_REQUEST",
            "deletion_protection_enabled": false,
            "global_secondary_index": [],
            "hash_key": "email",
            "id": "Users",
            "import_table": [],
            "local_secondary_index": [],
            "name": "Users",
            "on_demand_throughput": [],
            "point_in_time_recovery": [
              {
                "enabled": false
              }
            ],
            "range_key": null,
            "read_capacity": 0,
            "replica": [],
            "restore_date_time": null,
            "restore_source_name": null,
            "restore_source_table_arn": null,
            "restore_to_latest_time": null,
            "server_side_encryption": [],
            "stream_arn": "",
            "stream_enabled": false,
            "stream_label": "",
            "stream_view_type": "",
            "table_class": "STANDARD",
            "tags": {
              "Environment": "default",
              "ManagedBy": "Terraform",
              "Owner": "bruno.viola@pm.me",
              "Project": "prima-sre"
            },
            "tags_all": {
              "Environment": "default",
              "ManagedBy": "Terraform",
              "Owner": "bruno.viola@pm.me",
              "Project": "prima-sre"
            },
            "timeouts": null,
            "ttl": [
              {
                "attribute_name": "",
                "enabled": false
              }
            ],
            "write_capacity": 0
          },
          "sensitive_attributes": [],
          "private": "eyJlMmJmYjczMC1lY2FhLTExZTYtOGY4OC0zNDM2M2JjN2M0YzAiOnsiY3JlYXRlIjoxODAwMDAwMDAwMDAwLCJkZWxldGUiOjYwMDAwMDAwMDAwMCwidXBkYXRlIjozNjAwMDAwMDAwMDAwfSwic2NoZW1hX3ZlcnNpb24iOiIxIn0="
        }
      ]
    },
    {
      "mode": "managed",
      "type": "aws_iam_policy",
      "name": "api_policy",
      "provider": "provider[\"registry.terraform.io/hashicorp/aws\"]",
      "instances": [
        {
          "schema_version": 0,
          "attributes": {
            "arn": "arn:aws:iam::546123287190:policy/my-api-iam-policy",
            "attachment_count": 0,
            "description": "",
            "id": "arn:aws:iam::546123287190:policy/my-api-iam-policy",
            "name": "my-api-iam-policy",
            "name_prefix": "",
            "path": "/",
            "policy": "{\"Statement\":[{\"Action\":[\"dynamodb:Scan\",\"dynamodb:PutItem\",\"dynamodb:GetItem\"],\"Effect\":\"Allow\",\"Resource\":\"arn:aws:dynamodb:eu-west-2:546123287190:table/Users\",\"Sid\":\"DynamoDBUsersAccess\"},{\"Action\":[\"s3:PutObject\",\"s3:ListBucket\",\"s3:GetObject\"],\"Effect\":\"Allow\",\"Resource\":[\"arn:aws:s3:::my-api-avatars/*\",\"arn:aws:s3:::my-api-avatars\"],\"Sid\":\"S3AvatarsAccess\"}],\"Version\":\"2012-10-17\"}",
            "policy_id": "ANPAX6J34BKLHT6N4UL2L",
            "tags": null,
            "tags_all": {}
          },
          "sensitive_attributes": [],
          "private": "bnVsbA==",
          "dependencies": [
            "aws_dynamodb_table.users",
            "aws_s3_bucket.avatars",
            "data.aws_iam_policy_document.api_policy_doc"
          ]
        }
      ]
    },
    {
      "mode": "managed",
      "type": "aws_iam_role",
      "name": "api_role",
      "provider": "provider[\"registry.terraform.io/hashicorp/aws\"]",
      "instances": [
        {
          "schema_version": 0,
          "attributes": {
            "arn": "arn:aws:iam::546123287190:role/my-api-iam-role",
            "assume_role_policy": "{\"Statement\":[{\"Action\":\"sts:AssumeRole\",\"Effect\":\"Allow\",\"Principal\":{\"Service\":[\"eks.amazonaws.com\",\"ec2.amazonaws.com\"]}}],\"Version\":\"2012-10-17\"}",
            "create_date": "2025-01-31T09:33:38Z",
            "description": "",
            "force_detach_policies": false,
            "id": "my-api-iam-role",
            "inline_policy": [],
            "managed_policy_arns": [],
            "max_session_duration": 3600,
            "name": "my-api-iam-role",
            "name_prefix": "",
            "path": "/",
            "permissions_boundary": "",
            "tags": {
              "Environment": "default",
              "ManagedBy": "Terraform",
              "Owner": "bruno.viola@pm.me",
              "Project": "prima-sre"
            },
            "tags_all": {
              "Environment": "default",
              "ManagedBy": "Terraform",
              "Owner": "bruno.viola@pm.me",
              "Project": "prima-sre"
            },
            "unique_id": "AROAX6J34BKLAX7AYWQTY"
          },
          "sensitive_attributes": [],
          "private": "bnVsbA==",
          "dependencies": [
            "data.aws_iam_policy_document.assume_role_policy"
          ]
        }
      ]
    },
    {
      "mode": "managed",
      "type": "aws_iam_role_policy_attachment",
      "name": "api_role_attachment",
      "provider": "provider[\"registry.terraform.io/hashicorp/aws\"]",
      "instances": [
        {
          "schema_version": 0,
          "attributes": {
            "id": "my-api-iam-role-20250131093501710400000001",
            "policy_arn": "arn:aws:iam::546123287190:policy/my-api-iam-policy",
            "role": "my-api-iam-role"
          },
          "sensitive_attributes": [],
          "private": "bnVsbA==",
          "dependencies": [
            "aws_dynamodb_table.users",
            "aws_iam_policy.api_policy",
            "aws_iam_role.api_role",
            "aws_s3_bucket.avatars",
            "data.aws_iam_policy_document.api_policy_doc",
            "data.aws_iam_policy_document.assume_role_policy"
          ]
        }
      ]
    },
    {
      "mode": "managed",
      "type": "aws_s3_bucket",
      "name": "avatars",
      "provider": "provider[\"registry.terraform.io/hashicorp/aws\"]",
      "instances": [
        {
          "schema_version": 0,
          "attributes": {
            "acceleration_status": "",
            "acl": "private",
            "arn": "arn:aws:s3:::my-api-avatars",
            "bucket": "my-api-avatars",
            "bucket_domain_name": "my-api-avatars.s3.amazonaws.com",
            "bucket_prefix": "",
            "bucket_regional_domain_name": "my-api-avatars.s3.eu-west-2.amazonaws.com",
            "cors_rule": [],
            "force_destroy": false,
            "grant": [
              {
                "id": "30b110e20c53c4e4fad3fef101256acdb9692d339b79fc194f755265d79e4087",
                "permissions": [
                  "FULL_CONTROL"
                ],
                "type": "CanonicalUser",
                "uri": ""
              }
            ],
            "hosted_zone_id": "Z3GKZC51ZF0DB4",
            "id": "my-api-avatars",
            "lifecycle_rule": [],
            "logging": [],
            "object_lock_configuration": [],
            "object_lock_enabled": false,
            "policy": "",
            "region": "eu-west-2",
            "replication_configuration": [],
            "request_payer": "BucketOwner",
            "server_side_encryption_configuration": [
              {
                "rule": [
                  {
                    "apply_server_side_encryption_by_default": [
                      {
                        "kms_master_key_id": "",
                        "sse_algorithm": "AES256"
                      }
                    ],
                    "bucket_key_enabled": false
                  }
                ]
              }
            ],
            "tags": {
              "Environment": "default",
              "ManagedBy": "Terraform",
              "Owner": "bruno.viola@pm.me",
              "Project": "prima-sre"
            },
            "tags_all": {
              "Environment": "default",
              "ManagedBy": "Terraform",
              "Owner": "bruno.viola@pm.me",
              "Project": "prima-sre"
            },
            "timeouts": null,
            "versioning": [
              {
                "enabled": true,
                "mfa_delete": false
              }
            ],
            "website": [],
            "website_domain": null,
            "website_endpoint": null
          },
          "sensitive_attributes": [],
          "private": "eyJlMmJmYjczMC1lY2FhLTExZTYtOGY4OC0zNDM2M2JjN2M0YzAiOnsiY3JlYXRlIjoxMjAwMDAwMDAwMDAwLCJkZWxldGUiOjM2MDAwMDAwMDAwMDAsInJlYWQiOjEyMDAwMDAwMDAwMDAsInVwZGF0ZSI6MTIwMDAwMDAwMDAwMH19"
        }
      ]
    },
    {
      "mode": "managed",
      "type": "aws_s3_bucket",
      "name": "terraform_state",
      "provider": "provider[\"registry.terraform.io/hashicorp/aws\"]",
      "instances": [
        {
          "schema_version": 0,
          "attributes": {
            "acceleration_status": "",
            "acl": null,
            "arn": "arn:aws:s3:::some-random-name-bruvio-1234-prima",
            "bucket": "some-random-name-bruvio-1234-prima",
            "bucket_domain_name": "some-random-name-bruvio-1234-prima.s3.amazonaws.com",
            "bucket_prefix": "",
            "bucket_regional_domain_name": "some-random-name-bruvio-1234-prima.s3.eu-west-2.amazonaws.com",
            "cors_rule": [],
            "force_destroy": false,
            "grant": [
              {
                "id": "30b110e20c53c4e4fad3fef101256acdb9692d339b79fc194f755265d79e4087",
                "permissions": [
                  "FULL_CONTROL"
                ],
                "type": "CanonicalUser",
                "uri": ""
              }
            ],
            "hosted_zone_id": "Z3GKZC51ZF0DB4",
            "id": "some-random-name-bruvio-1234-prima",
            "lifecycle_rule": [],
            "logging": [],
            "object_lock_configuration": [],
            "object_lock_enabled": false,
            "policy": "",
            "region": "eu-west-2",
            "replication_configuration": [],
            "request_payer": "BucketOwner",
            "server_side_encryption_configuration": [
              {
                "rule": [
                  {
                    "apply_server_side_encryption_by_default": [
                      {
                        "kms_master_key_id": "",
                        "sse_algorithm": "AES256"
                      }
                    ],
                    "bucket_key_enabled": false
                  }
                ]
              }
            ],
            "tags": {
              "Environment": "default",
              "ManagedBy": "Terraform",
              "Owner": "bruno.viola@pm.me",
              "Project": "prima-sre"
            },
            "tags_all": {
              "Environment": "default",
              "ManagedBy": "Terraform",
              "Owner": "bruno.viola@pm.me",
              "Project": "prima-sre"
            },
            "timeouts": null,
            "versioning": [
              {
                "enabled": true,
                "mfa_delete": false
              }
            ],
            "website": [],
            "website_domain": null,
            "website_endpoint": null
          },
          "sensitive_attributes": [],
          "private": "eyJlMmJmYjczMC1lY2FhLTExZTYtOGY4OC0zNDM2M2JjN2M0YzAiOnsiY3JlYXRlIjoxMjAwMDAwMDAwMDAwLCJkZWxldGUiOjM2MDAwMDAwMDAwMDAsInJlYWQiOjEyMDAwMDAwMDAwMDAsInVwZGF0ZSI6MTIwMDAwMDAwMDAwMH19"
        }
      ]
    }
  ],
  "check_results": [
    {
      "object_kind": "resource",
      "config_addr": "module.eks.module.eks_managed_node_group.module.user_data.null_resource.validate_cluster_service_cidr",
      "status": "pass",
      "objects": null
    },
    {
      "object_kind": "var",
      "config_addr": "module.eks.module.self_managed_node_group.var.platform",
      "status": "pass",
      "objects": null
    },
    {
      "object_kind": "resource",
      "config_addr": "module.eks.module.self_managed_node_group.module.user_data.null_resource.validate_cluster_service_cidr",
      "status": "pass",
      "objects": null
    }
  ]
}
